
Microsoft Visual Studio Solution File, Format Version 12.00
# Visual Studio 15
VisualStudioVersion = 15.0.33026.149
MinimumVisualStudioVersion = 10.0.40219.1
Project("{8BC9CEB8-8B4A-11D0-8D11-00A0C91BC942}") = "projekt 2 v2", "projekt 2 v2\projekt 2 v2.vcxproj", "{D2930EBF-CB7E-46CC-978A-F35144BDBE6D}"
EndProject
Global
	GlobalSection(SolutionConfigurationPlatforms) = preSolution
		Debug|x64 = Debug|x64
		Debug|x86 = Debug|x86
		Release|x64 = Release|x64
		Release|x86 = Release|x86
	EndGlobalSection
	GlobalSection(ProjectConfigurationPlatforms) = postSolution
		{D2930EBF-CB7E-46CC-978A-F35144BDBE6D}.Debug|x64.ActiveCfg = Debug|x64
		{D2930EBF-CB7E-46CC-978A-F35144BDBE6D}.Debug|x64.Build.0 = Debug|x64
		{D2930EBF-CB7E-46CC-978A-F35144BDBE6D}.Debug|x86.ActiveCfg = Debug|Win32
		{D2930EBF-CB7E-46CC-978A-F35144BDBE6D}.Debug|x86.Build.0 = Debug|Win32
		{D2930EBF-CB7E-46CC-978A-F35144BDBE6D}.Release|x64.ActiveCfg = Release|x64
		{D2930EBF-CB7E-46CC-978A-F35144BDBE6D}.Release|x64.Build.0 = Release|x64
		{D2930EBF-CB7E-46CC-978A-F35144BDBE6D}.Release|x86.ActiveCfg = Release|Win32
		{D2930EBF-CB7E-46CC-978A-F35144BDBE6D}.Release|x86.Build.0 = Release|Win32
	EndGlobalSection
	GlobalSection(SolutionProperties) = preSolution
		HideSolutionNode = FALSE
	EndGlobalSection
	GlobalSection(ExtensibilityGlobals) = postSolution
		SolutionGuid = {176211F8-0C18-485A-A0F1-3F07C922C192}
	EndGlobalSection
EndGlobal
